
Microsoft Visual Studio Solution File, Format Version 12.00
# Visual Studio Version 17
VisualStudioVersion = 17.0.31903.59
MinimumVisualStudioVersion = 10.0.40219.1
Project("{FAE04EC0-301F-11D3-BF4B-00C04F79EFBC}") = "ccxt", "ccxt\ccxt.csproj", "{DE6A2140-A0DD-4582-82F1-FB12E16A48E3}"
EndProject
Project("{FAE04EC0-301F-11D3-BF4B-00C04F79EFBC}") = "tests", "tests\tests.csproj", "{077D9860-062D-46AB-9F24-60789A2B3794}"
EndProject
Project("{FAE04EC0-301F-11D3-BF4B-00C04F79EFBC}") = "cli", "cli\cli.csproj", "{D04F0D67-4A3A-4B5F-80C2-45555F83610C}"
EndProject
Global
	GlobalSection(SolutionConfigurationPlatforms) = preSolution
		Debug|Any CPU = Debug|Any CPU
		Release|Any CPU = Release|Any CPU
	EndGlobalSection
	GlobalSection(SolutionProperties) = preSolution
		HideSolutionNode = FALSE
	EndGlobalSection
	GlobalSection(ProjectConfigurationPlatforms) = postSolution
		{DE6A2140-A0DD-4582-82F1-FB12E16A48E3}.Debug|Any CPU.ActiveCfg = Debug|Any CPU
		{DE6A2140-A0DD-4582-82F1-FB12E16A48E3}.Debug|Any CPU.Build.0 = Debug|Any CPU
		{DE6A2140-A0DD-4582-82F1-FB12E16A48E3}.Release|Any CPU.ActiveCfg = Release|Any CPU
		{DE6A2140-A0DD-4582-82F1-FB12E16A48E3}.Release|Any CPU.Build.0 = Release|Any CPU
		{077D9860-062D-46AB-9F24-60789A2B3794}.Debug|Any CPU.ActiveCfg = Debug|Any CPU
		{077D9860-062D-46AB-9F24-60789A2B3794}.Debug|Any CPU.Build.0 = Debug|Any CPU
		{077D9860-062D-46AB-9F24-60789A2B3794}.Release|Any CPU.ActiveCfg = Release|Any CPU
		{077D9860-062D-46AB-9F24-60789A2B3794}.Release|Any CPU.Build.0 = Release|Any CPU
		{D04F0D67-4A3A-4B5F-80C2-45555F83610C}.Debug|Any CPU.ActiveCfg = Debug|Any CPU
		{D04F0D67-4A3A-4B5F-80C2-45555F83610C}.Debug|Any CPU.Build.0 = Debug|Any CPU
		{D04F0D67-4A3A-4B5F-80C2-45555F83610C}.Release|Any CPU.ActiveCfg = Release|Any CPU
		{D04F0D67-4A3A-4B5F-80C2-45555F83610C}.Release|Any CPU.Build.0 = Release|Any CPU
	EndGlobalSection
EndGlobal
