# Code generated by scarb DO NOT EDIT.
version = 1

[[package]]
name = "contracts_v2"
version = "0.1.0"
dependencies = [
 "openzeppelin",
]

[[package]]
name = "openzeppelin"
version = "0.10.0"
source = "git+https://github.com/OpenZeppelin/cairo-contracts.git?tag=v0.10.0#d77082732daab2690ba50742ea41080eb23299d3"
