{
  "name": "ccxt-cli",
  "version": "1.0.0",
  "lockfileVersion": 3,
  "requires": true,
  "packages": {
    "": {
      "name": "ccxt-cli",
      "version": "1.0.0",
      "license": "ISC",
      "dependencies": {
        "ansicolor": "^2.0.3",
        "as-table": "^1.0.55",
        "commander": "^14.0.0",
        "ololog": "^1.1.175"
      }
    },
    "node_modules/ansicolor": {
      "version": "2.0.3",
      "resolved": "https://registry.npmjs.org/ansicolor/-/ansicolor-2.0.3.tgz",
      "integrity": "sha512-pzusTqk9VHrjgMCcTPDTTvfJfx6Q3+L5tQ6yKC8Diexmoit4YROTFIkxFvRTNL9y5s0Q8HrSrgerCD5bIC+Kiw==",
      "license": "Unlicense"
    },
    "node_modules/as-table": {
      "version": "1.0.55",
      "resolved": "https://registry.npmjs.org/as-table/-/as-table-1.0.55.tgz",
      "integrity": "sha512-xvsWESUJn0JN421Xb9MQw6AsMHRCUknCe0Wjlxvjud80mU4E6hQf1A6NzQKcYNmYw62MfzEtXc+badstZP3JpQ==",
      "license": "MIT",
      "dependencies": {
        "printable-characters": "^1.0.42"
      }
    },
    "node_modules/commander": {
      "version": "14.0.0",
      "resolved": "https://registry.npmjs.org/commander/-/commander-14.0.0.tgz",
      "integrity": "sha512-2uM9rYjPvyq39NwLRqaiLtWHyDC1FvryJDa2ATTVims5YAS4PupsEQsDvP14FqhFr0P49CYDugi59xaxJlTXRA==",
      "license": "MIT",
      "engines": {
        "node": ">=20"
      }
    },
    "node_modules/data-uri-to-buffer": {
      "version": "2.0.2",
      "resolved": "https://registry.npmjs.org/data-uri-to-buffer/-/data-uri-to-buffer-2.0.2.tgz",
      "integrity": "sha512-ND9qDTLc6diwj+Xe5cdAgVTbLVdXbtxTJRXRhli8Mowuaan+0EJOtdqJ0QCHNSSPyoXGx9HX2/VMnKeC34AChA==",
      "license": "MIT"
    },
    "node_modules/get-source": {
      "version": "2.0.12",
      "resolved": "https://registry.npmjs.org/get-source/-/get-source-2.0.12.tgz",
      "integrity": "sha512-X5+4+iD+HoSeEED+uwrQ07BOQr0kEDFMVqqpBuI+RaZBpBpHCuXxo70bjar6f0b0u/DQJsJ7ssurpP0V60Az+w==",
      "license": "Unlicense",
      "dependencies": {
        "data-uri-to-buffer": "^2.0.0",
        "source-map": "^0.6.1"
      }
    },
    "node_modules/ololog": {
      "version": "1.1.175",
      "resolved": "https://registry.npmjs.org/ololog/-/ololog-1.1.175.tgz",
      "integrity": "sha512-DSPbsvZzLshFiPI1ul7iJDn6wI75goOLyrn8uRB92sPon5LS8J2KlAIkSoHXtRztb2idPjuzq3R1J58hN2qOEA==",
      "license": "Unlicense",
      "dependencies": {
        "ansicolor": "^1.1.84",
        "pipez": "^1.1.12",
        "printable-characters": "^1.0.42",
        "stacktracey": "^2.1.6",
        "string.bullet": "^1.0.12",
        "string.ify": "^1.0.64"
      }
    },
    "node_modules/ololog/node_modules/ansicolor": {
      "version": "1.1.100",
      "resolved": "https://registry.npmjs.org/ansicolor/-/ansicolor-1.1.100.tgz",
      "integrity": "sha512-Jl0pxRfa9WaQVUX57AB8/V2my6FJxrOR1Pp2qqFbig20QB4HzUoQ48THTKAgHlUCJeQm/s2WoOPcoIDhyCL/kw==",
      "license": "Unlicense"
    },
    "node_modules/pipez": {
      "version": "1.1.12",
      "resolved": "https://registry.npmjs.org/pipez/-/pipez-1.1.12.tgz",
      "integrity": "sha512-VuJ+c44f3s/4cirqtBI3wa0LscCo1IG9sQH2DnClJWEMkGylE52mDjLLHR5QyLjij1EiGocMEIAJsmpyXczXJQ==",
      "license": "Unlicense"
    },
    "node_modules/printable-characters": {
      "version": "1.0.42",
      "resolved": "https://registry.npmjs.org/printable-characters/-/printable-characters-1.0.42.tgz",
      "integrity": "sha512-dKp+C4iXWK4vVYZmYSd0KBH5F/h1HoZRsbJ82AVKRO3PEo8L4lBS/vLwhVtpwwuYcoIsVY+1JYKR268yn480uQ==",
      "license": "Unlicense"
    },
    "node_modules/source-map": {
      "version": "0.6.1",
      "resolved": "https://registry.npmjs.org/source-map/-/source-map-0.6.1.tgz",
      "integrity": "sha512-UjgapumWlbMhkBgzT7Ykc5YXUT46F0iKu8SGXq0bcwP5dz/h0Plj6enJqjz1Zbq2l5WaqYnrVbwWOWMyF3F47g==",
      "license": "BSD-3-Clause",
      "engines": {
        "node": ">=0.10.0"
      }
    },
    "node_modules/stacktracey": {
      "version": "2.1.8",
      "resolved": "https://registry.npmjs.org/stacktracey/-/stacktracey-2.1.8.tgz",
      "integrity": "sha512-Kpij9riA+UNg7TnphqjH7/CzctQ/owJGNbFkfEeve4Z4uxT5+JapVLFXcsurIfN34gnTWZNJ/f7NMG0E8JDzTw==",
      "license": "Unlicense",
      "dependencies": {
        "as-table": "^1.0.36",
        "get-source": "^2.0.12"
      }
    },
    "node_modules/string.bullet": {
      "version": "1.0.12",
      "resolved": "https://registry.npmjs.org/string.bullet/-/string.bullet-1.0.12.tgz",
      "integrity": "sha512-6+tQyad/ux52N+7wUcjmxeK5TfdeykBBLHQPk8MxUVrk9JwHzJnuxsJzjjpWAuz0x3EmnVGCg0ibMHqez1l/qQ==",
      "license": "Unlicense",
      "dependencies": {
        "printable-characters": "^1.0.26"
      }
    },
    "node_modules/string.ify": {
      "version": "1.0.64",
      "resolved": "https://registry.npmjs.org/string.ify/-/string.ify-1.0.64.tgz",
      "integrity": "sha512-4Aa5yndnuOhE1GV2W3ht4rQ08XHq46JLXmSOv0jeUWEzqliBvm8lAXvt+66np+J9DkoCZikFzTzjXVLRR0F/Xw==",
      "license": "Unlicense",
      "dependencies": {
        "printable-characters": "^1.0.42",
        "string.bullet": "^1.0.12"
      }
    }
  }
}
