
Microsoft Visual Studio Solution File, Format Version 12.00
# Visual Studio Version 17
VisualStudioVersion = 17.0.31903.59
MinimumVisualStudioVersion = 10.0.40219.1
Project("{FAE04EC0-301F-11D3-BF4B-00C04F79EFBC}") = "c#", "c#.csproj", "{7251951E-12D3-48C3-9CE2-C06F23F0DCD9}"
EndProject
Global
	GlobalSection(SolutionConfigurationPlatforms) = preSolution
		Debug|Any CPU = Debug|Any CPU
		Release|Any CPU = Release|Any CPU
	EndGlobalSection
	GlobalSection(SolutionProperties) = preSolution
		HideSolutionNode = FALSE
	EndGlobalSection
	GlobalSection(ProjectConfigurationPlatforms) = postSolution
		{7251951E-12D3-48C3-9CE2-C06F23F0DCD9}.Debug|Any CPU.ActiveCfg = Debug|Any CPU
		{7251951E-12D3-48C3-9CE2-C06F23F0DCD9}.Debug|Any CPU.Build.0 = Debug|Any CPU
		{7251951E-12D3-48C3-9CE2-C06F23F0DCD9}.Release|Any CPU.ActiveCfg = Release|Any CPU
		{7251951E-12D3-48C3-9CE2-C06F23F0DCD9}.Release|Any CPU.Build.0 = Release|Any CPU
	EndGlobalSection
EndGlobal
