
Microsoft Visual Studio Solution File, Format Version 12.00
# Visual Studio Version 17
VisualStudioVersion = 17.0.31903.59
MinimumVisualStudioVersion = 10.0.40219.1
Project("{FAE04EC0-301F-11D3-BF4B-00C04F79EFBC}") = "ccxt", "ccxt\ccxt.csproj", "{CD33A344-BAFE-4BBB-98F1-1733491D4280}"
EndProject
Project("{FAE04EC0-301F-11D3-BF4B-00C04F79EFBC}") = "tests", "tests\tests.csproj", "{5EB4B369-F61B-49A6-B9DA-6368A6F9F1E1}"
EndProject
Project("{FAE04EC0-301F-11D3-BF4B-00C04F79EFBC}") = "cli", "cli\cli.csproj", "{B34EC0E7-B9C9-4153-8F50-E38135E4705E}"
EndProject
Global
	GlobalSection(SolutionConfigurationPlatforms) = preSolution
		Debug|Any CPU = Debug|Any CPU
		Release|Any CPU = Release|Any CPU
	EndGlobalSection
	GlobalSection(SolutionProperties) = preSolution
		HideSolutionNode = FALSE
	EndGlobalSection
	GlobalSection(ProjectConfigurationPlatforms) = postSolution
		{CD33A344-BAFE-4BBB-98F1-1733491D4280}.Debug|Any CPU.ActiveCfg = Debug|Any CPU
		{CD33A344-BAFE-4BBB-98F1-1733491D4280}.Debug|Any CPU.Build.0 = Debug|Any CPU
		{CD33A344-BAFE-4BBB-98F1-1733491D4280}.Release|Any CPU.ActiveCfg = Release|Any CPU
		{CD33A344-BAFE-4BBB-98F1-1733491D4280}.Release|Any CPU.Build.0 = Release|Any CPU
		{5EB4B369-F61B-49A6-B9DA-6368A6F9F1E1}.Debug|Any CPU.ActiveCfg = Debug|Any CPU
		{5EB4B369-F61B-49A6-B9DA-6368A6F9F1E1}.Debug|Any CPU.Build.0 = Debug|Any CPU
		{5EB4B369-F61B-49A6-B9DA-6368A6F9F1E1}.Release|Any CPU.ActiveCfg = Release|Any CPU
		{5EB4B369-F61B-49A6-B9DA-6368A6F9F1E1}.Release|Any CPU.Build.0 = Release|Any CPU
		{B34EC0E7-B9C9-4153-8F50-E38135E4705E}.Debug|Any CPU.ActiveCfg = Debug|Any CPU
		{B34EC0E7-B9C9-4153-8F50-E38135E4705E}.Debug|Any CPU.Build.0 = Debug|Any CPU
		{B34EC0E7-B9C9-4153-8F50-E38135E4705E}.Release|Any CPU.ActiveCfg = Release|Any CPU
		{B34EC0E7-B9C9-4153-8F50-E38135E4705E}.Release|Any CPU.Build.0 = Release|Any CPU
	EndGlobalSection
EndGlobal
