{
  "name": "test-ccxt-ir",
  "version": "1.0.0",
  "lockfileVersion": 2,
  "requires": true,
  "packages": {
    "": {
      "name": "test-ccxt-ir",
      "version": "1.0.0",
      "license": "ISC",
      "dependencies": {
        "ccxt": "^4.5.0",
        "ccxt-ir": "file:../ccxt-ir-4.5.0.tgz"
      }
    },
    "node_modules/ccxt": {
      "version": "4.5.0",
      "resolved": "https://registry.npmjs.org/ccxt/-/ccxt-4.5.0.tgz",
      "integrity": "sha512-82BqP9xprPd6CATOArY3t1UKfLG+MpQoR/DoeWQce7ddleZqtFG4Rwu68hq0YutbuCYePsfSI6ofj5uCs0X76g==",
      "hasInstallScript": true,
      "dependencies": {
        "ws": "^8.8.1"
      },
      "engines": {
        "node": ">=15.0.0"
      }
    },
    "node_modules/ccxt-ir": {
      "version": "4.5.0",
      "resolved": "file:../ccxt-ir-4.5.0.tgz",
      "integrity": "sha512-IlzKwqw6jjUBtqjjriWbOOAoPjIFHpNiwD7VC5+5xtHVQq6PWz1LBdBpzL0MA9sONc4W3huA+/ufYckgPs73VQ==",
      "hasInstallScript": true,
      "license": "MIT",
      "dependencies": {
        "ws": "^8.8.1"
      },
      "engines": {
        "node": ">=15.0.0"
      }
    },
    "node_modules/ws": {
      "version": "8.18.3",
      "resolved": "https://registry.npmjs.org/ws/-/ws-8.18.3.tgz",
      "integrity": "sha512-PEIGCY5tSlUt50cqyMXfCzX+oOPqN0vuGqWzbcJ2xvnkzkq46oOpz7dQaTDBdfICb4N14+GARUDw2XV2N4tvzg==",
      "engines": {
        "node": ">=10.0.0"
      },
      "peerDependencies": {
        "bufferutil": "^4.0.1",
        "utf-8-validate": ">=5.0.2"
      },
      "peerDependenciesMeta": {
        "bufferutil": {
          "optional": true
        },
        "utf-8-validate": {
          "optional": true
        }
      }
    }
  },
  "dependencies": {
    "ccxt": {
      "version": "4.5.0",
      "resolved": "https://registry.npmjs.org/ccxt/-/ccxt-4.5.0.tgz",
      "integrity": "sha512-82BqP9xprPd6CATOArY3t1UKfLG+MpQoR/DoeWQce7ddleZqtFG4Rwu68hq0YutbuCYePsfSI6ofj5uCs0X76g==",
      "requires": {
        "ws": "^8.8.1"
      }
    },
    "ccxt-ir": {
      "version": "file:..\\ccxt-ir-4.5.0.tgz",
      "integrity": "sha512-IlzKwqw6jjUBtqjjriWbOOAoPjIFHpNiwD7VC5+5xtHVQq6PWz1LBdBpzL0MA9sONc4W3huA+/ufYckgPs73VQ==",
      "requires": {
        "ws": "^8.8.1"
      }
    },
    "ws": {
      "version": "8.18.3",
      "resolved": "https://registry.npmjs.org/ws/-/ws-8.18.3.tgz",
      "integrity": "sha512-PEIGCY5tSlUt50cqyMXfCzX+oOPqN0vuGqWzbcJ2xvnkzkq46oOpz7dQaTDBdfICb4N14+GARUDw2XV2N4tvzg==",
      "requires": {}
    }
  }
}
