
Microsoft Visual Studio Solution File, Format Version 12.00
# Visual Studio 2012
Project("{FAE04EC0-301F-11D3-BF4B-00C04F79EFBC}") = "MiniMessagePack", "MiniMessagePack\MiniMessagePack.csproj", "{FD1559AB-AF58-4EE5-8C51-3D00E520C1E5}"
EndProject
Project("{FAE04EC0-301F-11D3-BF4B-00C04F79EFBC}") = "MiniMessagePackTest", "MiniMessagePackTest\MiniMessagePackTest.csproj", "{6964D2AF-8144-4977-9CBE-18E4162AD99A}"
EndProject
Global
	GlobalSection(SolutionConfigurationPlatforms) = preSolution
		Debug|Any CPU = Debug|Any CPU
		Release|Any CPU = Release|Any CPU
	EndGlobalSection
	GlobalSection(ProjectConfigurationPlatforms) = postSolution
		{6964D2AF-8144-4977-9CBE-18E4162AD99A}.Debug|Any CPU.ActiveCfg = Debug|Any CPU
		{6964D2AF-8144-4977-9CBE-18E4162AD99A}.Debug|Any CPU.Build.0 = Debug|Any CPU
		{6964D2AF-8144-4977-9CBE-18E4162AD99A}.Release|Any CPU.ActiveCfg = Release|Any CPU
		{6964D2AF-8144-4977-9CBE-18E4162AD99A}.Release|Any CPU.Build.0 = Release|Any CPU
		{FD1559AB-AF58-4EE5-8C51-3D00E520C1E5}.Debug|Any CPU.ActiveCfg = Debug|Any CPU
		{FD1559AB-AF58-4EE5-8C51-3D00E520C1E5}.Debug|Any CPU.Build.0 = Debug|Any CPU
		{FD1559AB-AF58-4EE5-8C51-3D00E520C1E5}.Release|Any CPU.ActiveCfg = Release|Any CPU
		{FD1559AB-AF58-4EE5-8C51-3D00E520C1E5}.Release|Any CPU.Build.0 = Release|Any CPU
	EndGlobalSection
	GlobalSection(MonoDevelopProperties) = preSolution
		StartupItem = MiniMessagePackTest\MiniMessagePackTest.csproj
	EndGlobalSection
EndGlobal
